// !$*UTF8*$!
{
	archiveVersion = 1;
	classes = {
	};
	objectVersion = 56;
	objects = {

/* Begin PBXBuildFile section */
		04473C222BF3AB1D00967F0E /* TeamDetails.swift in Sources */ = {isa = PBXBuildFile; fileRef = 04473C212BF3AB1D00967F0E /* TeamDetails.swift */; };
		0453572A2BF294F0001ADD1D /* LeagueDetailsViewModel.swift in Sources */ = {isa = PBXBuildFile; fileRef = 045357292BF294F0001ADD1D /* LeagueDetailsViewModel.swift */; };
		04B949A12BF55E9F0034886B /* DataBase.swift in Sources */ = {isa = PBXBuildFile; fileRef = 04B949A02BF55E9F0034886B /* DataBase.swift */; };
		4A06ED3F2BDD8084000DE860 /* AppDelegate.swift in Sources */ = {isa = PBXBuildFile; fileRef = 4A06ED3E2BDD8084000DE860 /* AppDelegate.swift */; };
		4A06ED412BDD8084000DE860 /* SceneDelegate.swift in Sources */ = {isa = PBXBuildFile; fileRef = 4A06ED402BDD8084000DE860 /* SceneDelegate.swift */; };
		4A06ED432BDD8084000DE860 /* HomeViewController.swift in Sources */ = {isa = PBXBuildFile; fileRef = 4A06ED422BDD8084000DE860 /* HomeViewController.swift */; };
		4A06ED462BDD8084000DE860 /* Main.storyboard in Resources */ = {isa = PBXBuildFile; fileRef = 4A06ED442BDD8084000DE860 /* Main.storyboard */; };
		4A06ED482BDD808E000DE860 /* Assets.xcassets in Resources */ = {isa = PBXBuildFile; fileRef = 4A06ED472BDD808E000DE860 /* Assets.xcassets */; };
		4A06ED4B2BDD808E000DE860 /* LaunchScreen.storyboard in Resources */ = {isa = PBXBuildFile; fileRef = 4A06ED492BDD808E000DE860 /* LaunchScreen.storyboard */; };
		4A06ED562BDD8090000DE860 /* SportSpotTests.swift in Sources */ = {isa = PBXBuildFile; fileRef = 4A06ED552BDD8090000DE860 /* SportSpotTests.swift */; };
		4A06ED602BDD8091000DE860 /* SportSpotUITests.swift in Sources */ = {isa = PBXBuildFile; fileRef = 4A06ED5F2BDD8091000DE860 /* SportSpotUITests.swift */; };
		4A06ED622BDD8091000DE860 /* SportSpotUITestsLaunchTests.swift in Sources */ = {isa = PBXBuildFile; fileRef = 4A06ED612BDD8091000DE860 /* SportSpotUITestsLaunchTests.swift */; };
		4A18CF422BF5D4DB007DFC0A /* FavoriteViewModel.swift in Sources */ = {isa = PBXBuildFile; fileRef = 4A18CF412BF5D4DB007DFC0A /* FavoriteViewModel.swift */; };
		4A18CF452BF63809007DFC0A /* CustomTeamCell.swift in Sources */ = {isa = PBXBuildFile; fileRef = 4A18CF432BF63808007DFC0A /* CustomTeamCell.swift */; };
		4A18CF462BF63809007DFC0A /* CustomTeamCell.xib in Resources */ = {isa = PBXBuildFile; fileRef = 4A18CF442BF63808007DFC0A /* CustomTeamCell.xib */; };
		4A18CF492BF65E19007DFC0A /* Reachability in Frameworks */ = {isa = PBXBuildFile; productRef = 4A18CF482BF65E19007DFC0A /* Reachability */; };
		4A3229B52BF15FBF00155235 /* UpcomingViewCell.swift in Sources */ = {isa = PBXBuildFile; fileRef = 4A3229B42BF15FBE00155235 /* UpcomingViewCell.swift */; };
		4A3229B72BF15FE600155235 /* TeamsViewCell.swift in Sources */ = {isa = PBXBuildFile; fileRef = 4A3229B62BF15FE600155235 /* TeamsViewCell.swift */; };
		4A3229B92BF169B300155235 /* LatestResultViewCell.swift in Sources */ = {isa = PBXBuildFile; fileRef = 4A3229B82BF169B300155235 /* LatestResultViewCell.swift */; };
		4A33DFB92BF4E51500B8F952 /* HeaderCollectionReusableView.swift in Sources */ = {isa = PBXBuildFile; fileRef = 4A33DFB82BF4E51500B8F952 /* HeaderCollectionReusableView.swift */; };
		4A33DFBE2BF4EDB400B8F952 /* TeamDetailsViewController.swift in Sources */ = {isa = PBXBuildFile; fileRef = 4A33DFBD2BF4EDB400B8F952 /* TeamDetailsViewController.swift */; };
		4A33DFC02BF4EE6400B8F952 /* TeamDetailsViewModel.swift in Sources */ = {isa = PBXBuildFile; fileRef = 4A33DFBF2BF4EE6400B8F952 /* TeamDetailsViewModel.swift */; };
		4A33DFC62BF50E0000B8F952 /* SportSpot.xcdatamodeld in Sources */ = {isa = PBXBuildFile; fileRef = 4A33DFC42BF50E0000B8F952 /* SportSpot.xcdatamodeld */; };
		4A67BE6D2BEEAC4C0009765F /* FavoriteLeaguesTableViewController.swift in Sources */ = {isa = PBXBuildFile; fileRef = 4A67BE6C2BEEAC4C0009765F /* FavoriteLeaguesTableViewController.swift */; };
		4A67BE752BEEAE1A0009765F /* CustomTableViewCell.swift in Sources */ = {isa = PBXBuildFile; fileRef = 4A67BE742BEEAE1A0009765F /* CustomTableViewCell.swift */; };
		4A7C6ECD2BEEBCCB00575660 /* Utils.swift in Sources */ = {isa = PBXBuildFile; fileRef = 4A7C6ECC2BEEBCCB00575660 /* Utils.swift */; };
		4A7C6ECF2BEEBD3700575660 /* DataClasses.swift in Sources */ = {isa = PBXBuildFile; fileRef = 4A7C6ECE2BEEBD3700575660 /* DataClasses.swift */; };
		4A7C6ED12BEEC00700575660 /* NetworkService.swift in Sources */ = {isa = PBXBuildFile; fileRef = 4A7C6ED02BEEC00700575660 /* NetworkService.swift */; };
		4A7C6ED32BEEC50D00575660 /* Alamofire in Frameworks */ = {isa = PBXBuildFile; productRef = 4A7C6ED22BEEC50D00575660 /* Alamofire */; };
		4A7C6ED52BEEC50D00575660 /* AlamofireDynamic in Frameworks */ = {isa = PBXBuildFile; productRef = 4A7C6ED42BEEC50D00575660 /* AlamofireDynamic */; };
		4A7C6ED72BEEC67A00575660 /* LeaguesViewModel.swift in Sources */ = {isa = PBXBuildFile; fileRef = 4A7C6ED62BEEC67A00575660 /* LeaguesViewModel.swift */; };
		4A7C6EDA2BEECF5800575660 /* Kingfisher in Frameworks */ = {isa = PBXBuildFile; productRef = 4A7C6ED92BEECF5800575660 /* Kingfisher */; };
		4A7C6EDC2BEED89F00575660 /* HomeScreenViewModel.swift in Sources */ = {isa = PBXBuildFile; fileRef = 4A7C6EDB2BEED89F00575660 /* HomeScreenViewModel.swift */; };
		4ABA6F4D2BF4CE2100945192 /* CustomLeaguesTableViewCell.swift in Sources */ = {isa = PBXBuildFile; fileRef = 4ABA6F4B2BF4CE2100945192 /* CustomLeaguesTableViewCell.swift */; };
		4ABA6F4E2BF4CE2100945192 /* CustomLeaguesTableViewCell.xib in Resources */ = {isa = PBXBuildFile; fileRef = 4ABA6F4C2BF4CE2100945192 /* CustomLeaguesTableViewCell.xib */; };
		4ABA6F512BF4CEED00945192 /* HomeViewCell.swift in Sources */ = {isa = PBXBuildFile; fileRef = 4ABA6F4F2BF4CEED00945192 /* HomeViewCell.swift */; };
		4ABA6F522BF4CEED00945192 /* HomeViewCell.xib in Resources */ = {isa = PBXBuildFile; fileRef = 4ABA6F502BF4CEED00945192 /* HomeViewCell.xib */; };
		4ABA6F542BF4D04800945192 /* LeaguesViewController.swift in Sources */ = {isa = PBXBuildFile; fileRef = 4ABA6F532BF4D04800945192 /* LeaguesViewController.swift */; };
		4AC4D2542BF0154800793395 /* LeagueDetailsViewController.swift in Sources */ = {isa = PBXBuildFile; fileRef = 4AC4D2532BF0154800793395 /* LeagueDetailsViewController.swift */; };
		4AF4B77A2BEE935E00873245 /* Sport.swift in Sources */ = {isa = PBXBuildFile; fileRef = 4AF4B7792BEE935E00873245 /* Sport.swift */; };
/* End PBXBuildFile section */

/* Begin PBXContainerItemProxy section */
		4A06ED522BDD8090000DE860 /* PBXContainerItemProxy */ = {
			isa = PBXContainerItemProxy;
			containerPortal = 4A06ED332BDD8084000DE860 /* Project object */;
			proxyType = 1;
			remoteGlobalIDString = 4A06ED3A2BDD8084000DE860;
			remoteInfo = SportSpot;
		};
		4A06ED5C2BDD8090000DE860 /* PBXContainerItemProxy */ = {
			isa = PBXContainerItemProxy;
			containerPortal = 4A06ED332BDD8084000DE860 /* Project object */;
			proxyType = 1;
			remoteGlobalIDString = 4A06ED3A2BDD8084000DE860;
			remoteInfo = SportSpot;
		};
/* End PBXContainerItemProxy section */

/* Begin PBXFileReference section */
		04473C212BF3AB1D00967F0E /* TeamDetails.swift */ = {isa = PBXFileReference; lastKnownFileType = sourcecode.swift; path = TeamDetails.swift; sourceTree = "<group>"; };
		045357292BF294F0001ADD1D /* LeagueDetailsViewModel.swift */ = {isa = PBXFileReference; lastKnownFileType = sourcecode.swift; path = LeagueDetailsViewModel.swift; sourceTree = "<group>"; };
		04B949A02BF55E9F0034886B /* DataBase.swift */ = {isa = PBXFileReference; lastKnownFileType = sourcecode.swift; path = DataBase.swift; sourceTree = "<group>"; };
		4A06ED3B2BDD8084000DE860 /* SportSpot.app */ = {isa = PBXFileReference; explicitFileType = wrapper.application; includeInIndex = 0; path = SportSpot.app; sourceTree = BUILT_PRODUCTS_DIR; };
		4A06ED3E2BDD8084000DE860 /* AppDelegate.swift */ = {isa = PBXFileReference; lastKnownFileType = sourcecode.swift; path = AppDelegate.swift; sourceTree = "<group>"; };
		4A06ED402BDD8084000DE860 /* SceneDelegate.swift */ = {isa = PBXFileReference; lastKnownFileType = sourcecode.swift; path = SceneDelegate.swift; sourceTree = "<group>"; };
		4A06ED422BDD8084000DE860 /* HomeViewController.swift */ = {isa = PBXFileReference; lastKnownFileType = sourcecode.swift; path = HomeViewController.swift; sourceTree = "<group>"; };
		4A06ED452BDD8084000DE860 /* Base */ = {isa = PBXFileReference; lastKnownFileType = file.storyboard; name = Base; path = Base.lproj/Main.storyboard; sourceTree = "<group>"; };
		4A06ED472BDD808E000DE860 /* Assets.xcassets */ = {isa = PBXFileReference; lastKnownFileType = folder.assetcatalog; path = Assets.xcassets; sourceTree = "<group>"; };
		4A06ED4A2BDD808E000DE860 /* Base */ = {isa = PBXFileReference; lastKnownFileType = file.storyboard; name = Base; path = Base.lproj/LaunchScreen.storyboard; sourceTree = "<group>"; };
		4A06ED4C2BDD808F000DE860 /* Info.plist */ = {isa = PBXFileReference; lastKnownFileType = text.plist.xml; path = Info.plist; sourceTree = "<group>"; };
		4A06ED512BDD8090000DE860 /* SportSpotTests.xctest */ = {isa = PBXFileReference; explicitFileType = wrapper.cfbundle; includeInIndex = 0; path = SportSpotTests.xctest; sourceTree = BUILT_PRODUCTS_DIR; };
		4A06ED552BDD8090000DE860 /* SportSpotTests.swift */ = {isa = PBXFileReference; lastKnownFileType = sourcecode.swift; path = SportSpotTests.swift; sourceTree = "<group>"; };
		4A06ED5B2BDD8090000DE860 /* SportSpotUITests.xctest */ = {isa = PBXFileReference; explicitFileType = wrapper.cfbundle; includeInIndex = 0; path = SportSpotUITests.xctest; sourceTree = BUILT_PRODUCTS_DIR; };
		4A06ED5F2BDD8091000DE860 /* SportSpotUITests.swift */ = {isa = PBXFileReference; lastKnownFileType = sourcecode.swift; path = SportSpotUITests.swift; sourceTree = "<group>"; };
		4A06ED612BDD8091000DE860 /* SportSpotUITestsLaunchTests.swift */ = {isa = PBXFileReference; lastKnownFileType = sourcecode.swift; path = SportSpotUITestsLaunchTests.swift; sourceTree = "<group>"; };
		4A18CF412BF5D4DB007DFC0A /* FavoriteViewModel.swift */ = {isa = PBXFileReference; lastKnownFileType = sourcecode.swift; path = FavoriteViewModel.swift; sourceTree = "<group>"; };
		4A18CF432BF63808007DFC0A /* CustomTeamCell.swift */ = {isa = PBXFileReference; lastKnownFileType = sourcecode.swift; path = CustomTeamCell.swift; sourceTree = "<group>"; };
		4A18CF442BF63808007DFC0A /* CustomTeamCell.xib */ = {isa = PBXFileReference; lastKnownFileType = file.xib; path = CustomTeamCell.xib; sourceTree = "<group>"; };
		4A3229B42BF15FBE00155235 /* UpcomingViewCell.swift */ = {isa = PBXFileReference; lastKnownFileType = sourcecode.swift; path = UpcomingViewCell.swift; sourceTree = "<group>"; };
		4A3229B62BF15FE600155235 /* TeamsViewCell.swift */ = {isa = PBXFileReference; lastKnownFileType = sourcecode.swift; path = TeamsViewCell.swift; sourceTree = "<group>"; };
		4A3229B82BF169B300155235 /* LatestResultViewCell.swift */ = {isa = PBXFileReference; lastKnownFileType = sourcecode.swift; path = LatestResultViewCell.swift; sourceTree = "<group>"; };
		4A33DFB82BF4E51500B8F952 /* HeaderCollectionReusableView.swift */ = {isa = PBXFileReference; lastKnownFileType = sourcecode.swift; path = HeaderCollectionReusableView.swift; sourceTree = "<group>"; };
		4A33DFBD2BF4EDB400B8F952 /* TeamDetailsViewController.swift */ = {isa = PBXFileReference; lastKnownFileType = sourcecode.swift; path = TeamDetailsViewController.swift; sourceTree = "<group>"; };
		4A33DFBF2BF4EE6400B8F952 /* TeamDetailsViewModel.swift */ = {isa = PBXFileReference; lastKnownFileType = sourcecode.swift; path = TeamDetailsViewModel.swift; sourceTree = "<group>"; };
		4A33DFC52BF50E0000B8F952 /* SportSpot.xcdatamodel */ = {isa = PBXFileReference; lastKnownFileType = wrapper.xcdatamodel; path = SportSpot.xcdatamodel; sourceTree = "<group>"; };
		4A67BE6C2BEEAC4C0009765F /* FavoriteLeaguesTableViewController.swift */ = {isa = PBXFileReference; lastKnownFileType = sourcecode.swift; path = FavoriteLeaguesTableViewController.swift; sourceTree = "<group>"; };
		4A67BE742BEEAE1A0009765F /* CustomTableViewCell.swift */ = {isa = PBXFileReference; lastKnownFileType = sourcecode.swift; path = CustomTableViewCell.swift; sourceTree = "<group>"; };
		4A7C6ECC2BEEBCCB00575660 /* Utils.swift */ = {isa = PBXFileReference; lastKnownFileType = sourcecode.swift; path = Utils.swift; sourceTree = "<group>"; };
		4A7C6ECE2BEEBD3700575660 /* DataClasses.swift */ = {isa = PBXFileReference; lastKnownFileType = sourcecode.swift; path = DataClasses.swift; sourceTree = "<group>"; };
		4A7C6ED02BEEC00700575660 /* NetworkService.swift */ = {isa = PBXFileReference; lastKnownFileType = sourcecode.swift; path = NetworkService.swift; sourceTree = "<group>"; };
		4A7C6ED62BEEC67A00575660 /* LeaguesViewModel.swift */ = {isa = PBXFileReference; lastKnownFileType = sourcecode.swift; path = LeaguesViewModel.swift; sourceTree = "<group>"; };
		4A7C6EDB2BEED89F00575660 /* HomeScreenViewModel.swift */ = {isa = PBXFileReference; lastKnownFileType = sourcecode.swift; path = HomeScreenViewModel.swift; sourceTree = "<group>"; };
		4ABA6F4B2BF4CE2100945192 /* CustomLeaguesTableViewCell.swift */ = {isa = PBXFileReference; lastKnownFileType = sourcecode.swift; path = CustomLeaguesTableViewCell.swift; sourceTree = "<group>"; };
		4ABA6F4C2BF4CE2100945192 /* CustomLeaguesTableViewCell.xib */ = {isa = PBXFileReference; lastKnownFileType = file.xib; path = CustomLeaguesTableViewCell.xib; sourceTree = "<group>"; };
		4ABA6F4F2BF4CEED00945192 /* HomeViewCell.swift */ = {isa = PBXFileReference; lastKnownFileType = sourcecode.swift; path = HomeViewCell.swift; sourceTree = "<group>"; };
		4ABA6F502BF4CEED00945192 /* HomeViewCell.xib */ = {isa = PBXFileReference; lastKnownFileType = file.xib; path = HomeViewCell.xib; sourceTree = "<group>"; };
		4ABA6F532BF4D04800945192 /* LeaguesViewController.swift */ = {isa = PBXFileReference; lastKnownFileType = sourcecode.swift; path = LeaguesViewController.swift; sourceTree = "<group>"; };
		4AC4D2532BF0154800793395 /* LeagueDetailsViewController.swift */ = {isa = PBXFileReference; lastKnownFileType = sourcecode.swift; path = LeagueDetailsViewController.swift; sourceTree = "<group>"; };
		4AF4B7792BEE935E00873245 /* Sport.swift */ = {isa = PBXFileReference; lastKnownFileType = sourcecode.swift; path = Sport.swift; sourceTree = "<group>"; };
/* End PBXFileReference section */

/* Begin PBXFrameworksBuildPhase section */
		4A06ED382BDD8084000DE860 /* Frameworks */ = {
			isa = PBXFrameworksBuildPhase;
			buildActionMask = 2147483647;
			files = (
				4A7C6EDA2BEECF5800575660 /* Kingfisher in Frameworks */,
				4A18CF492BF65E19007DFC0A /* Reachability in Frameworks */,
				4A7C6ED32BEEC50D00575660 /* Alamofire in Frameworks */,
				4A7C6ED52BEEC50D00575660 /* AlamofireDynamic in Frameworks */,
			);
			runOnlyForDeploymentPostprocessing = 0;
		};
		4A06ED4E2BDD8090000DE860 /* Frameworks */ = {
			isa = PBXFrameworksBuildPhase;
			buildActionMask = 2147483647;
			files = (
			);
			runOnlyForDeploymentPostprocessing = 0;
		};
		4A06ED582BDD8090000DE860 /* Frameworks */ = {
			isa = PBXFrameworksBuildPhase;
			buildActionMask = 2147483647;
			files = (
			);
			runOnlyForDeploymentPostprocessing = 0;
		};
/* End PBXFrameworksBuildPhase section */

/* Begin PBXGroup section */
		04473C202BF3AAD700967F0E /* Model */ = {
			isa = PBXGroup;
			children = (
				04473C212BF3AB1D00967F0E /* TeamDetails.swift */,
			);
			path = Model;
			sourceTree = "<group>";
		};
		045357282BF294B8001ADD1D /* ViewModel */ = {
			isa = PBXGroup;
			children = (
				045357292BF294F0001ADD1D /* LeagueDetailsViewModel.swift */,
			);
			path = ViewModel;
			sourceTree = "<group>";
		};
		04B9499E2BF55E6D0034886B /* DB */ = {
			isa = PBXGroup;
			children = (
				04B949A02BF55E9F0034886B /* DataBase.swift */,
				4A33DFC42BF50E0000B8F952 /* SportSpot.xcdatamodeld */,
			);
			path = DB;
			sourceTree = "<group>";
		};
		04E613B12BEFC5BB00320E5F /* Models */ = {
			isa = PBXGroup;
			children = (
				4A7C6ECE2BEEBD3700575660 /* DataClasses.swift */,
			);
			path = Models;
			sourceTree = "<group>";
		};
		4A06ED322BDD8084000DE860 = {
			isa = PBXGroup;
			children = (
				4A06ED3D2BDD8084000DE860 /* SportSpot */,
				4A06ED542BDD8090000DE860 /* SportSpotTests */,
				4A06ED5E2BDD8090000DE860 /* SportSpotUITests */,
				4A06ED3C2BDD8084000DE860 /* Products */,
			);
			sourceTree = "<group>";
		};
		4A06ED3C2BDD8084000DE860 /* Products */ = {
			isa = PBXGroup;
			children = (
				4A06ED3B2BDD8084000DE860 /* SportSpot.app */,
				4A06ED512BDD8090000DE860 /* SportSpotTests.xctest */,
				4A06ED5B2BDD8090000DE860 /* SportSpotUITests.xctest */,
			);
			name = Products;
			sourceTree = "<group>";
		};
		4A06ED3D2BDD8084000DE860 /* SportSpot */ = {
			isa = PBXGroup;
			children = (
				4AF4B77B2BEE941D00873245 /* Modules */,
				4AF4B7782BEE932900873245 /* Model */,
				4AF4B7772BEE931200873245 /* View */,
				4A06ED3E2BDD8084000DE860 /* AppDelegate.swift */,
				4A06ED402BDD8084000DE860 /* SceneDelegate.swift */,
				4A06ED472BDD808E000DE860 /* Assets.xcassets */,
				4A06ED4C2BDD808F000DE860 /* Info.plist */,
			);
			path = SportSpot;
			sourceTree = "<group>";
		};
		4A06ED542BDD8090000DE860 /* SportSpotTests */ = {
			isa = PBXGroup;
			children = (
				4A06ED552BDD8090000DE860 /* SportSpotTests.swift */,
			);
			path = SportSpotTests;
			sourceTree = "<group>";
		};
		4A06ED5E2BDD8090000DE860 /* SportSpotUITests */ = {
			isa = PBXGroup;
			children = (
				4A06ED5F2BDD8091000DE860 /* SportSpotUITests.swift */,
				4A06ED612BDD8091000DE860 /* SportSpotUITestsLaunchTests.swift */,
			);
			path = SportSpotUITests;
			sourceTree = "<group>";
		};
		4A18CF402BF5D4C2007DFC0A /* ViewModel */ = {
			isa = PBXGroup;
			children = (
				4A18CF412BF5D4DB007DFC0A /* FavoriteViewModel.swift */,
			);
			path = ViewModel;
			sourceTree = "<group>";
		};
		4A33DFBA2BF4ED7C00B8F952 /* TeamDetails */ = {
			isa = PBXGroup;
			children = (
				4A33DFBC2BF4ED9200B8F952 /* ViewModel */,
				4A33DFBB2BF4ED8A00B8F952 /* View */,
			);
			path = TeamDetails;
			sourceTree = "<group>";
		};
		4A33DFBB2BF4ED8A00B8F952 /* View */ = {
			isa = PBXGroup;
			children = (
				4A33DFBD2BF4EDB400B8F952 /* TeamDetailsViewController.swift */,
			);
			path = View;
			sourceTree = "<group>";
		};
		4A33DFBC2BF4ED9200B8F952 /* ViewModel */ = {
			isa = PBXGroup;
			children = (
				4A33DFBF2BF4EE6400B8F952 /* TeamDetailsViewModel.swift */,
			);
			path = ViewModel;
			sourceTree = "<group>";
		};
		4A67BE682BEEABE80009765F /* FavoriteLeaguesScreen */ = {
			isa = PBXGroup;
			children = (
				4A18CF402BF5D4C2007DFC0A /* ViewModel */,
				4A67BE692BEEABFD0009765F /* View */,
			);
			path = FavoriteLeaguesScreen;
			sourceTree = "<group>";
		};
		4A67BE692BEEABFD0009765F /* View */ = {
			isa = PBXGroup;
			children = (
				4A67BE6C2BEEAC4C0009765F /* FavoriteLeaguesTableViewController.swift */,
			);
			path = View;
			sourceTree = "<group>";
		};
		4A67BE6E2BEEAD420009765F /* LeaguesScreen */ = {
			isa = PBXGroup;
			children = (
				4A67BE702BEEAD590009765F /* ViewModel */,
				4A67BE6F2BEEAD540009765F /* View */,
			);
			path = LeaguesScreen;
			sourceTree = "<group>";
		};
		4A67BE6F2BEEAD540009765F /* View */ = {
			isa = PBXGroup;
			children = (
				4ABA6F532BF4D04800945192 /* LeaguesViewController.swift */,
				4A67BE742BEEAE1A0009765F /* CustomTableViewCell.swift */,
			);
			path = View;
			sourceTree = "<group>";
		};
		4A67BE702BEEAD590009765F /* ViewModel */ = {
			isa = PBXGroup;
			children = (
				4A7C6ED62BEEC67A00575660 /* LeaguesViewModel.swift */,
			);
			path = ViewModel;
			sourceTree = "<group>";
		};
		4A67BE762BEEAF160009765F /* Services */ = {
			isa = PBXGroup;
			children = (
				04B9499E2BF55E6D0034886B /* DB */,
				4A67BE772BEEAF270009765F /* Network */,
			);
			path = Services;
			sourceTree = "<group>";
		};
		4A67BE772BEEAF270009765F /* Network */ = {
			isa = PBXGroup;
			children = (
				4A7C6ED02BEEC00700575660 /* NetworkService.swift */,
			);
			path = Network;
			sourceTree = "<group>";
		};
		4A7C6ECB2BEEBCAE00575660 /* Utils */ = {
			isa = PBXGroup;
			children = (
				4A7C6ECC2BEEBCCB00575660 /* Utils.swift */,
			);
			path = Utils;
			sourceTree = "<group>";
		};
		4AC4D2512BF0150B00793395 /* LeagueDetailsScreen */ = {
			isa = PBXGroup;
			children = (
				045357282BF294B8001ADD1D /* ViewModel */,
				4AC4D2522BF0152700793395 /* View */,
				04473C202BF3AAD700967F0E /* Model */,
			);
			path = LeagueDetailsScreen;
			sourceTree = "<group>";
		};
		4AC4D2522BF0152700793395 /* View */ = {
			isa = PBXGroup;
			children = (
				4AC4D2532BF0154800793395 /* LeagueDetailsViewController.swift */,
				4A3229B42BF15FBE00155235 /* UpcomingViewCell.swift */,
				4A3229B82BF169B300155235 /* LatestResultViewCell.swift */,
				4A3229B62BF15FE600155235 /* TeamsViewCell.swift */,
				4A33DFB82BF4E51500B8F952 /* HeaderCollectionReusableView.swift */,
			);
			path = View;
			sourceTree = "<group>";
		};
		4AF4B7772BEE931200873245 /* View */ = {
			isa = PBXGroup;
			children = (
				4A06ED442BDD8084000DE860 /* Main.storyboard */,
				4A06ED492BDD808E000DE860 /* LaunchScreen.storyboard */,
				4ABA6F4B2BF4CE2100945192 /* CustomLeaguesTableViewCell.swift */,
				4ABA6F4C2BF4CE2100945192 /* CustomLeaguesTableViewCell.xib */,
				4ABA6F4F2BF4CEED00945192 /* HomeViewCell.swift */,
				4ABA6F502BF4CEED00945192 /* HomeViewCell.xib */,
				4A18CF432BF63808007DFC0A /* CustomTeamCell.swift */,
				4A18CF442BF63808007DFC0A /* CustomTeamCell.xib */,
			);
			path = View;
			sourceTree = "<group>";
		};
		4AF4B7782BEE932900873245 /* Model */ = {
			isa = PBXGroup;
			children = (
				4A7C6ECB2BEEBCAE00575660 /* Utils */,
				4A67BE762BEEAF160009765F /* Services */,
				04E613B12BEFC5BB00320E5F /* Models */,
			);
			path = Model;
			sourceTree = "<group>";
		};
		4AF4B77B2BEE941D00873245 /* Modules */ = {
			isa = PBXGroup;
			children = (
				4A33DFBA2BF4ED7C00B8F952 /* TeamDetails */,
				4AC4D2512BF0150B00793395 /* LeagueDetailsScreen */,
				4A67BE6E2BEEAD420009765F /* LeaguesScreen */,
				4A67BE682BEEABE80009765F /* FavoriteLeaguesScreen */,
				4AF4B77C2BEE942F00873245 /* HomeScreen */,
			);
			path = Modules;
			sourceTree = "<group>";
		};
		4AF4B77C2BEE942F00873245 /* HomeScreen */ = {
			isa = PBXGroup;
			children = (
				4AF4B77F2BEE945700873245 /* ViewModel */,
				4AF4B77E2BEE944D00873245 /* Model */,
				4AF4B77D2BEE943C00873245 /* View */,
			);
			path = HomeScreen;
			sourceTree = "<group>";
		};
		4AF4B77D2BEE943C00873245 /* View */ = {
			isa = PBXGroup;
			children = (
				4A06ED422BDD8084000DE860 /* HomeViewController.swift */,
			);
			path = View;
			sourceTree = "<group>";
		};
		4AF4B77E2BEE944D00873245 /* Model */ = {
			isa = PBXGroup;
			children = (
				4AF4B7792BEE935E00873245 /* Sport.swift */,
			);
			path = Model;
			sourceTree = "<group>";
		};
		4AF4B77F2BEE945700873245 /* ViewModel */ = {
			isa = PBXGroup;
			children = (
				4A7C6EDB2BEED89F00575660 /* HomeScreenViewModel.swift */,
			);
			path = ViewModel;
			sourceTree = "<group>";
		};
/* End PBXGroup section */

/* Begin PBXNativeTarget section */
		4A06ED3A2BDD8084000DE860 /* SportSpot */ = {
			isa = PBXNativeTarget;
			buildConfigurationList = 4A06ED652BDD8091000DE860 /* Build configuration list for PBXNativeTarget "SportSpot" */;
			buildPhases = (
				4A06ED372BDD8084000DE860 /* Sources */,
				4A06ED382BDD8084000DE860 /* Frameworks */,
				4A06ED392BDD8084000DE860 /* Resources */,
			);
			buildRules = (
			);
			dependencies = (
			);
			name = SportSpot;
			packageProductDependencies = (
				4A7C6ED22BEEC50D00575660 /* Alamofire */,
				4A7C6ED42BEEC50D00575660 /* AlamofireDynamic */,
				4A7C6ED92BEECF5800575660 /* Kingfisher */,
				4A18CF482BF65E19007DFC0A /* Reachability */,
			);
			productName = SportSpot;
			productReference = 4A06ED3B2BDD8084000DE860 /* SportSpot.app */;
			productType = "com.apple.product-type.application";
		};
		4A06ED502BDD8090000DE860 /* SportSpotTests */ = {
			isa = PBXNativeTarget;
			buildConfigurationList = 4A06ED682BDD8091000DE860 /* Build configuration list for PBXNativeTarget "SportSpotTests" */;
			buildPhases = (
				4A06ED4D2BDD8090000DE860 /* Sources */,
				4A06ED4E2BDD8090000DE860 /* Frameworks */,
				4A06ED4F2BDD8090000DE860 /* Resources */,
			);
			buildRules = (
			);
			dependencies = (
				4A06ED532BDD8090000DE860 /* PBXTargetDependency */,
			);
			name = SportSpotTests;
			productName = SportSpotTests;
			productReference = 4A06ED512BDD8090000DE860 /* SportSpotTests.xctest */;
			productType = "com.apple.product-type.bundle.unit-test";
		};
		4A06ED5A2BDD8090000DE860 /* SportSpotUITests */ = {
			isa = PBXNativeTarget;
			buildConfigurationList = 4A06ED6B2BDD8091000DE860 /* Build configuration list for PBXNativeTarget "SportSpotUITests" */;
			buildPhases = (
				4A06ED572BDD8090000DE860 /* Sources */,
				4A06ED582BDD8090000DE860 /* Frameworks */,
				4A06ED592BDD8090000DE860 /* Resources */,
			);
			buildRules = (
			);
			dependencies = (
				4A06ED5D2BDD8090000DE860 /* PBXTargetDependency */,
			);
			name = SportSpotUITests;
			productName = SportSpotUITests;
			productReference = 4A06ED5B2BDD8090000DE860 /* SportSpotUITests.xctest */;
			productType = "com.apple.product-type.bundle.ui-testing";
		};
/* End PBXNativeTarget section */

/* Begin PBXProject section */
		4A06ED332BDD8084000DE860 /* Project object */ = {
			isa = PBXProject;
			attributes = {
				BuildIndependentTargetsInParallel = 1;
				LastSwiftUpdateCheck = 1520;
				LastUpgradeCheck = 1520;
				TargetAttributes = {
					4A06ED3A2BDD8084000DE860 = {
						CreatedOnToolsVersion = 15.2;
					};
					4A06ED502BDD8090000DE860 = {
						CreatedOnToolsVersion = 15.2;
						TestTargetID = 4A06ED3A2BDD8084000DE860;
					};
					4A06ED5A2BDD8090000DE860 = {
						CreatedOnToolsVersion = 15.2;
						TestTargetID = 4A06ED3A2BDD8084000DE860;
					};
				};
			};
			buildConfigurationList = 4A06ED362BDD8084000DE860 /* Build configuration list for PBXProject "SportSpot" */;
			compatibilityVersion = "Xcode 14.0";
			developmentRegion = en;
			hasScannedForEncodings = 0;
			knownRegions = (
				en,
				Base,
			);
			mainGroup = 4A06ED322BDD8084000DE860;
			packageReferences = (
				4A7C6ECA2BEEBC7000575660 /* XCRemoteSwiftPackageReference "Alamofire" */,
				4A7C6ED82BEECF5800575660 /* XCRemoteSwiftPackageReference "Kingfisher" */,
				4A18CF472BF65E19007DFC0A /* XCRemoteSwiftPackageReference "Reachability.swift" */,
			);
			productRefGroup = 4A06ED3C2BDD8084000DE860 /* Products */;
			projectDirPath = "";
			projectRoot = "";
			targets = (
				4A06ED3A2BDD8084000DE860 /* SportSpot */,
				4A06ED502BDD8090000DE860 /* SportSpotTests */,
				4A06ED5A2BDD8090000DE860 /* SportSpotUITests */,
			);
		};
/* End PBXProject section */

/* Begin PBXResourcesBuildPhase section */
		4A06ED392BDD8084000DE860 /* Resources */ = {
			isa = PBXResourcesBuildPhase;
			buildActionMask = 2147483647;
			files = (
				4A06ED4B2BDD808E000DE860 /* LaunchScreen.storyboard in Resources */,
				4A06ED482BDD808E000DE860 /* Assets.xcassets in Resources */,
				4A06ED462BDD8084000DE860 /* Main.storyboard in Resources */,
				4A18CF462BF63809007DFC0A /* CustomTeamCell.xib in Resources */,
				4ABA6F522BF4CEED00945192 /* HomeViewCell.xib in Resources */,
				4ABA6F4E2BF4CE2100945192 /* CustomLeaguesTableViewCell.xib in Resources */,
			);
			runOnlyForDeploymentPostprocessing = 0;
		};
		4A06ED4F2BDD8090000DE860 /* Resources */ = {
			isa = PBXResourcesBuildPhase;
			buildActionMask = 2147483647;
			files = (
			);
			runOnlyForDeploymentPostprocessing = 0;
		};
		4A06ED592BDD8090000DE860 /* Resources */ = {
			isa = PBXResourcesBuildPhase;
			buildActionMask = 2147483647;
			files = (
			);
			runOnlyForDeploymentPostprocessing = 0;
		};
/* End PBXResourcesBuildPhase section */

/* Begin PBXSourcesBuildPhase section */
		4A06ED372BDD8084000DE860 /* Sources */ = {
			isa = PBXSourcesBuildPhase;
			buildActionMask = 2147483647;
			files = (
				4A7C6ED12BEEC00700575660 /* NetworkService.swift in Sources */,
				04B949A12BF55E9F0034886B /* DataBase.swift in Sources */,
				4ABA6F512BF4CEED00945192 /* HomeViewCell.swift in Sources */,
				4ABA6F542BF4D04800945192 /* LeaguesViewController.swift in Sources */,
				4A06ED432BDD8084000DE860 /* HomeViewController.swift in Sources */,
				4A33DFB92BF4E51500B8F952 /* HeaderCollectionReusableView.swift in Sources */,
				4A3229B72BF15FE600155235 /* TeamsViewCell.swift in Sources */,
				4A7C6ECD2BEEBCCB00575660 /* Utils.swift in Sources */,
				04473C222BF3AB1D00967F0E /* TeamDetails.swift in Sources */,
				4A67BE752BEEAE1A0009765F /* CustomTableViewCell.swift in Sources */,
				4A33DFC62BF50E0000B8F952 /* SportSpot.xcdatamodeld in Sources */,
				4A67BE6D2BEEAC4C0009765F /* FavoriteLeaguesTableViewController.swift in Sources */,
				4A18CF422BF5D4DB007DFC0A /* FavoriteViewModel.swift in Sources */,
				4A18CF452BF63809007DFC0A /* CustomTeamCell.swift in Sources */,
				4A7C6ECF2BEEBD3700575660 /* DataClasses.swift in Sources */,
				4A3229B52BF15FBF00155235 /* UpcomingViewCell.swift in Sources */,
				4ABA6F4D2BF4CE2100945192 /* CustomLeaguesTableViewCell.swift in Sources */,
				4A33DFC02BF4EE6400B8F952 /* TeamDetailsViewModel.swift in Sources */,
				4A06ED3F2BDD8084000DE860 /* AppDelegate.swift in Sources */,
				4AF4B77A2BEE935E00873245 /* Sport.swift in Sources */,
				4A7C6EDC2BEED89F00575660 /* HomeScreenViewModel.swift in Sources */,
				4A06ED412BDD8084000DE860 /* SceneDelegate.swift in Sources */,
				4AC4D2542BF0154800793395 /* LeagueDetailsViewController.swift in Sources */,
				4A3229B92BF169B300155235 /* LatestResultViewCell.swift in Sources */,
				0453572A2BF294F0001ADD1D /* LeagueDetailsViewModel.swift in Sources */,
				4A7C6ED72BEEC67A00575660 /* LeaguesViewModel.swift in Sources */,
				4A33DFBE2BF4EDB400B8F952 /* TeamDetailsViewController.swift in Sources */,
			);
			runOnlyForDeploymentPostprocessing = 0;
		};
		4A06ED4D2BDD8090000DE860 /* Sources */ = {
			isa = PBXSourcesBuildPhase;
			buildActionMask = 2147483647;
			files = (
				4A06ED562BDD8090000DE860 /* SportSpotTests.swift in Sources */,
			);
			runOnlyForDeploymentPostprocessing = 0;
		};
		4A06ED572BDD8090000DE860 /* Sources */ = {
			isa = PBXSourcesBuildPhase;
			buildActionMask = 2147483647;
			files = (
				4A06ED602BDD8091000DE860 /* SportSpotUITests.swift in Sources */,
				4A06ED622BDD8091000DE860 /* SportSpotUITestsLaunchTests.swift in Sources */,
			);
			runOnlyForDeploymentPostprocessing = 0;
		};
/* End PBXSourcesBuildPhase section */

/* Begin PBXTargetDependency section */
		4A06ED532BDD8090000DE860 /* PBXTargetDependency */ = {
			isa = PBXTargetDependency;
			target = 4A06ED3A2BDD8084000DE860 /* SportSpot */;
			targetProxy = 4A06ED522BDD8090000DE860 /* PBXContainerItemProxy */;
		};
		4A06ED5D2BDD8090000DE860 /* PBXTargetDependency */ = {
			isa = PBXTargetDependency;
			target = 4A06ED3A2BDD8084000DE860 /* SportSpot */;
			targetProxy = 4A06ED5C2BDD8090000DE860 /* PBXContainerItemProxy */;
		};
/* End PBXTargetDependency section */

/* Begin PBXVariantGroup section */
		4A06ED442BDD8084000DE860 /* Main.storyboard */ = {
			isa = PBXVariantGroup;
			children = (
				4A06ED452BDD8084000DE860 /* Base */,
			);
			name = Main.storyboard;
			sourceTree = "<group>";
		};
		4A06ED492BDD808E000DE860 /* LaunchScreen.storyboard */ = {
			isa = PBXVariantGroup;
			children = (
				4A06ED4A2BDD808E000DE860 /* Base */,
			);
			name = LaunchScreen.storyboard;
			sourceTree = "<group>";
		};
/* End PBXVariantGroup section */

/* Begin XCBuildConfiguration section */
		4A06ED632BDD8091000DE860 /* Debug */ = {
			isa = XCBuildConfiguration;
			buildSettings = {
				ALWAYS_SEARCH_USER_PATHS = NO;
				ASSETCATALOG_COMPILER_GENERATE_SWIFT_ASSET_SYMBOL_EXTENSIONS = YES;
				CLANG_ANALYZER_NONNULL = YES;
				CLANG_ANALYZER_NUMBER_OBJECT_CONVERSION = YES_AGGRESSIVE;
				CLANG_CXX_LANGUAGE_STANDARD = "gnu++20";
				CLANG_ENABLE_MODULES = YES;
				CLANG_ENABLE_OBJC_ARC = YES;
				CLANG_ENABLE_OBJC_WEAK = YES;
				CLANG_WARN_BLOCK_CAPTURE_AUTORELEASING = YES;
				CLANG_WARN_BOOL_CONVERSION = YES;
				CLANG_WARN_COMMA = YES;
				CLANG_WARN_CONSTANT_CONVERSION = YES;
				CLANG_WARN_DEPRECATED_OBJC_IMPLEMENTATIONS = YES;
				CLANG_WARN_DIRECT_OBJC_ISA_USAGE = YES_ERROR;
				CLANG_WARN_DOCUMENTATION_COMMENTS = YES;
				CLANG_WARN_EMPTY_BODY = YES;
				CLANG_WARN_ENUM_CONVERSION = YES;
				CLANG_WARN_INFINITE_RECURSION = YES;
				CLANG_WARN_INT_CONVERSION = YES;
				CLANG_WARN_NON_LITERAL_NULL_CONVERSION = YES;
				CLANG_WARN_OBJC_IMPLICIT_RETAIN_SELF = YES;
				CLANG_WARN_OBJC_LITERAL_CONVERSION = YES;
				CLANG_WARN_OBJC_ROOT_CLASS = YES_ERROR;
				CLANG_WARN_QUOTED_INCLUDE_IN_FRAMEWORK_HEADER = YES;
				CLANG_WARN_RANGE_LOOP_ANALYSIS = YES;
				CLANG_WARN_STRICT_PROTOTYPES = YES;
				CLANG_WARN_SUSPICIOUS_MOVE = YES;
				CLANG_WARN_UNGUARDED_AVAILABILITY = YES_AGGRESSIVE;
				CLANG_WARN_UNREACHABLE_CODE = YES;
				CLANG_WARN__DUPLICATE_METHOD_MATCH = YES;
				COPY_PHASE_STRIP = NO;
				DEBUG_INFORMATION_FORMAT = dwarf;
				ENABLE_STRICT_OBJC_MSGSEND = YES;
				ENABLE_TESTABILITY = YES;
				ENABLE_USER_SCRIPT_SANDBOXING = YES;
				GCC_C_LANGUAGE_STANDARD = gnu17;
				GCC_DYNAMIC_NO_PIC = NO;
				GCC_NO_COMMON_BLOCKS = YES;
				GCC_OPTIMIZATION_LEVEL = 0;
				GCC_PREPROCESSOR_DEFINITIONS = (
					"DEBUG=1",
					"$(inherited)",
				);
				GCC_WARN_64_TO_32_BIT_CONVERSION = YES;
				GCC_WARN_ABOUT_RETURN_TYPE = YES_ERROR;
				GCC_WARN_UNDECLARED_SELECTOR = YES;
				GCC_WARN_UNINITIALIZED_AUTOS = YES_AGGRESSIVE;
				GCC_WARN_UNUSED_FUNCTION = YES;
				GCC_WARN_UNUSED_VARIABLE = YES;
				IPHONEOS_DEPLOYMENT_TARGET = 17.2;
				LOCALIZATION_PREFERS_STRING_CATALOGS = YES;
				MTL_ENABLE_DEBUG_INFO = INCLUDE_SOURCE;
				MTL_FAST_MATH = YES;
				ONLY_ACTIVE_ARCH = YES;
				SDKROOT = iphoneos;
				SWIFT_ACTIVE_COMPILATION_CONDITIONS = "DEBUG $(inherited)";
				SWIFT_OPTIMIZATION_LEVEL = "-Onone";
			};
			name = Debug;
		};
		4A06ED642BDD8091000DE860 /* Release */ = {
			isa = XCBuildConfiguration;
			buildSettings = {
				ALWAYS_SEARCH_USER_PATHS = NO;
				ASSETCATALOG_COMPILER_GENERATE_SWIFT_ASSET_SYMBOL_EXTENSIONS = YES;
				CLANG_ANALYZER_NONNULL = YES;
				CLANG_ANALYZER_NUMBER_OBJECT_CONVERSION = YES_AGGRESSIVE;
				CLANG_CXX_LANGUAGE_STANDARD = "gnu++20";
				CLANG_ENABLE_MODULES = YES;
				CLANG_ENABLE_OBJC_ARC = YES;
				CLANG_ENABLE_OBJC_WEAK = YES;
				CLANG_WARN_BLOCK_CAPTURE_AUTORELEASING = YES;
				CLANG_WARN_BOOL_CONVERSION = YES;
				CLANG_WARN_COMMA = YES;
				CLANG_WARN_CONSTANT_CONVERSION = YES;
				CLANG_WARN_DEPRECATED_OBJC_IMPLEMENTATIONS = YES;
				CLANG_WARN_DIRECT_OBJC_ISA_USAGE = YES_ERROR;
				CLANG_WARN_DOCUMENTATION_COMMENTS = YES;
				CLANG_WARN_EMPTY_BODY = YES;
				CLANG_WARN_ENUM_CONVERSION = YES;
				CLANG_WARN_INFINITE_RECURSION = YES;
				CLANG_WARN_INT_CONVERSION = YES;
				CLANG_WARN_NON_LITERAL_NULL_CONVERSION = YES;
				CLANG_WARN_OBJC_IMPLICIT_RETAIN_SELF = YES;
				CLANG_WARN_OBJC_LITERAL_CONVERSION = YES;
				CLANG_WARN_OBJC_ROOT_CLASS = YES_ERROR;
				CLANG_WARN_QUOTED_INCLUDE_IN_FRAMEWORK_HEADER = YES;
				CLANG_WARN_RANGE_LOOP_ANALYSIS = YES;
				CLANG_WARN_STRICT_PROTOTYPES = YES;
				CLANG_WARN_SUSPICIOUS_MOVE = YES;
				CLANG_WARN_UNGUARDED_AVAILABILITY = YES_AGGRESSIVE;
				CLANG_WARN_UNREACHABLE_CODE = YES;
				CLANG_WARN__DUPLICATE_METHOD_MATCH = YES;
				COPY_PHASE_STRIP = NO;
				DEBUG_INFORMATION_FORMAT = "dwarf-with-dsym";
				ENABLE_NS_ASSERTIONS = NO;
				ENABLE_STRICT_OBJC_MSGSEND = YES;
				ENABLE_USER_SCRIPT_SANDBOXING = YES;
				GCC_C_LANGUAGE_STANDARD = gnu17;
				GCC_NO_COMMON_BLOCKS = YES;
				GCC_WARN_64_TO_32_BIT_CONVERSION = YES;
				GCC_WARN_ABOUT_RETURN_TYPE = YES_ERROR;
				GCC_WARN_UNDECLARED_SELECTOR = YES;
				GCC_WARN_UNINITIALIZED_AUTOS = YES_AGGRESSIVE;
				GCC_WARN_UNUSED_FUNCTION = YES;
				GCC_WARN_UNUSED_VARIABLE = YES;
				IPHONEOS_DEPLOYMENT_TARGET = 17.2;
				LOCALIZATION_PREFERS_STRING_CATALOGS = YES;
				MTL_ENABLE_DEBUG_INFO = NO;
				MTL_FAST_MATH = YES;
				SDKROOT = iphoneos;
				SWIFT_COMPILATION_MODE = wholemodule;
				VALIDATE_PRODUCT = YES;
			};
			name = Release;
		};
		4A06ED662BDD8091000DE860 /* Debug */ = {
			isa = XCBuildConfiguration;
			buildSettings = {
				ASSETCATALOG_COMPILER_APPICON_NAME = AppIcon;
				ASSETCATALOG_COMPILER_GLOBAL_ACCENT_COLOR_NAME = AccentColor;
				CODE_SIGN_STYLE = Automatic;
				CURRENT_PROJECT_VERSION = 1;
				DEVELOPMENT_TEAM = S279569A3K;
				GENERATE_INFOPLIST_FILE = YES;
				INFOPLIST_FILE = SportSpot/Info.plist;
				INFOPLIST_KEY_UIApplicationSupportsIndirectInputEvents = YES;
				INFOPLIST_KEY_UILaunchStoryboardName = LaunchScreen;
				INFOPLIST_KEY_UIMainStoryboardFile = Main;
				INFOPLIST_KEY_UISupportedInterfaceOrientations_iPad = "UIInterfaceOrientationPortrait UIInterfaceOrientationPortraitUpsideDown UIInterfaceOrientationLandscapeLeft UIInterfaceOrientationLandscapeRight";
				INFOPLIST_KEY_UISupportedInterfaceOrientations_iPhone = "UIInterfaceOrientationPortrait UIInterfaceOrientationLandscapeLeft UIInterfaceOrientationLandscapeRight";
				LD_RUNPATH_SEARCH_PATHS = (
					"$(inherited)",
					"@executable_path/Frameworks",
				);
				MARKETING_VERSION = 1.0;
				PRODUCT_BUNDLE_IDENTIFIER = asereid.SportSpot;
				PRODUCT_NAME = "$(TARGET_NAME)";
				SWIFT_EMIT_LOC_STRINGS = YES;
				SWIFT_VERSION = 5.0;
				TARGETED_DEVICE_FAMILY = "1,2";
			};
			name = Debug;
		};
		4A06ED672BDD8091000DE860 /* Release */ = {
			isa = XCBuildConfiguration;
			buildSettings = {
				ASSETCATALOG_COMPILER_APPICON_NAME = AppIcon;
				ASSETCATALOG_COMPILER_GLOBAL_ACCENT_COLOR_NAME = AccentColor;
				CODE_SIGN_STYLE = Automatic;
				CURRENT_PROJECT_VERSION = 1;
				DEVELOPMENT_TEAM = S279569A3K;
				GENERATE_INFOPLIST_FILE = YES;
				INFOPLIST_FILE = SportSpot/Info.plist;
				INFOPLIST_KEY_UIApplicationSupportsIndirectInputEvents = YES;
				INFOPLIST_KEY_UILaunchStoryboardName = LaunchScreen;
				INFOPLIST_KEY_UIMainStoryboardFile = Main;
				INFOPLIST_KEY_UISupportedInterfaceOrientations_iPad = "UIInterfaceOrientationPortrait UIInterfaceOrientationPortraitUpsideDown UIInterfaceOrientationLandscapeLeft UIInterfaceOrientationLandscapeRight";
				INFOPLIST_KEY_UISupportedInterfaceOrientations_iPhone = "UIInterfaceOrientationPortrait UIInterfaceOrientationLandscapeLeft UIInterfaceOrientationLandscapeRight";
				LD_RUNPATH_SEARCH_PATHS = (
					"$(inherited)",
					"@executable_path/Frameworks",
				);
				MARKETING_VERSION = 1.0;
				PRODUCT_BUNDLE_IDENTIFIER = asereid.SportSpot;
				PRODUCT_NAME = "$(TARGET_NAME)";
				SWIFT_EMIT_LOC_STRINGS = YES;
				SWIFT_VERSION = 5.0;
				TARGETED_DEVICE_FAMILY = "1,2";
			};
			name = Release;
		};
		4A06ED692BDD8091000DE860 /* Debug */ = {
			isa = XCBuildConfiguration;
			buildSettings = {
				ALWAYS_EMBED_SWIFT_STANDARD_LIBRARIES = YES;
				BUNDLE_LOADER = "$(TEST_HOST)";
				CODE_SIGN_STYLE = Automatic;
				CURRENT_PROJECT_VERSION = 1;
				DEVELOPMENT_TEAM = S279569A3K;
				GENERATE_INFOPLIST_FILE = YES;
				IPHONEOS_DEPLOYMENT_TARGET = 17.2;
				MARKETING_VERSION = 1.0;
				PRODUCT_BUNDLE_IDENTIFIER = asereid.SportSpotTests;
				PRODUCT_NAME = "$(TARGET_NAME)";
				SWIFT_EMIT_LOC_STRINGS = NO;
				SWIFT_VERSION = 5.0;
				TARGETED_DEVICE_FAMILY = "1,2";
				TEST_HOST = "$(BUILT_PRODUCTS_DIR)/SportSpot.app/$(BUNDLE_EXECUTABLE_FOLDER_PATH)/SportSpot";
			};
			name = Debug;
		};
		4A06ED6A2BDD8091000DE860 /* Release */ = {
			isa = XCBuildConfiguration;
			buildSettings = {
				ALWAYS_EMBED_SWIFT_STANDARD_LIBRARIES = YES;
				BUNDLE_LOADER = "$(TEST_HOST)";
				CODE_SIGN_STYLE = Automatic;
				CURRENT_PROJECT_VERSION = 1;
				DEVELOPMENT_TEAM = S279569A3K;
				GENERATE_INFOPLIST_FILE = YES;
				IPHONEOS_DEPLOYMENT_TARGET = 17.2;
				MARKETING_VERSION = 1.0;
				PRODUCT_BUNDLE_IDENTIFIER = asereid.SportSpotTests;
				PRODUCT_NAME = "$(TARGET_NAME)";
				SWIFT_EMIT_LOC_STRINGS = NO;
				SWIFT_VERSION = 5.0;
				TARGETED_DEVICE_FAMILY = "1,2";
				TEST_HOST = "$(BUILT_PRODUCTS_DIR)/SportSpot.app/$(BUNDLE_EXECUTABLE_FOLDER_PATH)/SportSpot";
			};
			name = Release;
		};
		4A06ED6C2BDD8091000DE860 /* Debug */ = {
			isa = XCBuildConfiguration;
			buildSettings = {
				ALWAYS_EMBED_SWIFT_STANDARD_LIBRARIES = YES;
				CODE_SIGN_STYLE = Automatic;
				CURRENT_PROJECT_VERSION = 1;
				DEVELOPMENT_TEAM = S279569A3K;
				GENERATE_INFOPLIST_FILE = YES;
				MARKETING_VERSION = 1.0;
				PRODUCT_BUNDLE_IDENTIFIER = asereid.SportSpotUITests;
				PRODUCT_NAME = "$(TARGET_NAME)";
				SWIFT_EMIT_LOC_STRINGS = NO;
				SWIFT_VERSION = 5.0;
				TARGETED_DEVICE_FAMILY = "1,2";
				TEST_TARGET_NAME = SportSpot;
			};
			name = Debug;
		};
		4A06ED6D2BDD8091000DE860 /* Release */ = {
			isa = XCBuildConfiguration;
			buildSettings = {
				ALWAYS_EMBED_SWIFT_STANDARD_LIBRARIES = YES;
				CODE_SIGN_STYLE = Automatic;
				CURRENT_PROJECT_VERSION = 1;
				DEVELOPMENT_TEAM = S279569A3K;
				GENERATE_INFOPLIST_FILE = YES;
				MARKETING_VERSION = 1.0;
				PRODUCT_BUNDLE_IDENTIFIER = asereid.SportSpotUITests;
				PRODUCT_NAME = "$(TARGET_NAME)";
				SWIFT_EMIT_LOC_STRINGS = NO;
				SWIFT_VERSION = 5.0;
				TARGETED_DEVICE_FAMILY = "1,2";
				TEST_TARGET_NAME = SportSpot;
			};
			name = Release;
		};
/* End XCBuildConfiguration section */

/* Begin XCConfigurationList section */
		4A06ED362BDD8084000DE860 /* Build configuration list for PBXProject "SportSpot" */ = {
			isa = XCConfigurationList;
			buildConfigurations = (
				4A06ED632BDD8091000DE860 /* Debug */,
				4A06ED642BDD8091000DE860 /* Release */,
			);
			defaultConfigurationIsVisible = 0;
			defaultConfigurationName = Release;
		};
		4A06ED652BDD8091000DE860 /* Build configuration list for PBXNativeTarget "SportSpot" */ = {
			isa = XCConfigurationList;
			buildConfigurations = (
				4A06ED662BDD8091000DE860 /* Debug */,
				4A06ED672BDD8091000DE860 /* Release */,
			);
			defaultConfigurationIsVisible = 0;
			defaultConfigurationName = Release;
		};
		4A06ED682BDD8091000DE860 /* Build configuration list for PBXNativeTarget "SportSpotTests" */ = {
			isa = XCConfigurationList;
			buildConfigurations = (
				4A06ED692BDD8091000DE860 /* Debug */,
				4A06ED6A2BDD8091000DE860 /* Release */,
			);
			defaultConfigurationIsVisible = 0;
			defaultConfigurationName = Release;
		};
		4A06ED6B2BDD8091000DE860 /* Build configuration list for PBXNativeTarget "SportSpotUITests" */ = {
			isa = XCConfigurationList;
			buildConfigurations = (
				4A06ED6C2BDD8091000DE860 /* Debug */,
				4A06ED6D2BDD8091000DE860 /* Release */,
			);
			defaultConfigurationIsVisible = 0;
			defaultConfigurationName = Release;
		};
/* End XCConfigurationList section */

/* Begin XCRemoteSwiftPackageReference section */
		4A18CF472BF65E19007DFC0A /* XCRemoteSwiftPackageReference "Reachability.swift" */ = {
			isa = XCRemoteSwiftPackageReference;
			repositoryURL = "https://github.com/ashleymills/Reachability.swift.git";
			requirement = {
				branch = master;
				kind = branch;
			};
		};
		4A7C6ECA2BEEBC7000575660 /* XCRemoteSwiftPackageReference "Alamofire" */ = {
			isa = XCRemoteSwiftPackageReference;
			repositoryURL = "https://github.com/Alamofire/Alamofire.git";
			requirement = {
				kind = upToNextMajorVersion;
				minimumVersion = 5.9.1;
			};
		};
		4A7C6ED82BEECF5800575660 /* XCRemoteSwiftPackageReference "Kingfisher" */ = {
			isa = XCRemoteSwiftPackageReference;
			repositoryURL = "https://github.com/onevcat/Kingfisher.git";
			requirement = {
				kind = upToNextMajorVersion;
				minimumVersion = 7.11.0;
			};
		};
/* End XCRemoteSwiftPackageReference section */

/* Begin XCSwiftPackageProductDependency section */
		4A18CF482BF65E19007DFC0A /* Reachability */ = {
			isa = XCSwiftPackageProductDependency;
			package = 4A18CF472BF65E19007DFC0A /* XCRemoteSwiftPackageReference "Reachability.swift" */;
			productName = Reachability;
		};
		4A7C6ED22BEEC50D00575660 /* Alamofire */ = {
			isa = XCSwiftPackageProductDependency;
			package = 4A7C6ECA2BEEBC7000575660 /* XCRemoteSwiftPackageReference "Alamofire" */;
			productName = Alamofire;
		};
		4A7C6ED42BEEC50D00575660 /* AlamofireDynamic */ = {
			isa = XCSwiftPackageProductDependency;
			package = 4A7C6ECA2BEEBC7000575660 /* XCRemoteSwiftPackageReference "Alamofire" */;
			productName = AlamofireDynamic;
		};
		4A7C6ED92BEECF5800575660 /* Kingfisher */ = {
			isa = XCSwiftPackageProductDependency;
			package = 4A7C6ED82BEECF5800575660 /* XCRemoteSwiftPackageReference "Kingfisher" */;
			productName = Kingfisher;
		};
/* End XCSwiftPackageProductDependency section */

/* Begin XCVersionGroup section */
		4A33DFC42BF50E0000B8F952 /* SportSpot.xcdatamodeld */ = {
			isa = XCVersionGroup;
			children = (
				4A33DFC52BF50E0000B8F952 /* SportSpot.xcdatamodel */,
			);
			currentVersion = 4A33DFC52BF50E0000B8F952 /* SportSpot.xcdatamodel */;
			path = SportSpot.xcdatamodeld;
			sourceTree = "<group>";
			versionGroupType = wrapper.xcdatamodel;
		};
/* End XCVersionGroup section */
	};
	rootObject = 4A06ED332BDD8084000DE860 /* Project object */;
}
